
Microsoft Visual Studio Solution File, Format Version 12.00
# Visual Studio Version 17
VisualStudioVersion = 17.9.34622.214
MinimumVisualStudioVersion = 10.0.40219.1
Project("{9A19103F-16F7-4668-BE54-9A1E7A4F7556}") = "ChartHub", "ChartHub\ChartHub.csproj", "{CC4AE8D2-0B15-41B4-B28E-CA028FC9CBCA}"
EndProject
Project("{FAE04EC0-301F-11D3-BF4B-00C04F79EFBC}") = "ChartHub.Tests", "ChartHub.Tests\ChartHub.Tests.csproj", "{98B981C9-7F08-41AE-80A9-0D1E06554CB5}"
EndProject
Project("{FAE04EC0-301F-11D3-BF4B-00C04F79EFBC}") = "ChartHub.BackupApi", "ChartHub.BackupApi\ChartHub.BackupApi.csproj", "{9567CFF7-63FF-47DC-A84A-B00AE5D32AAB}"
EndProject
Project("{FAE04EC0-301F-11D3-BF4B-00C04F79EFBC}") = "ChartHub.BackupApi.Tests", "ChartHub.BackupApi.Tests\ChartHub.BackupApi.Tests.csproj", "{CFE09032-B799-40AE-BE50-7E0AEA408968}"
EndProject
Project("{FAE04EC0-301F-11D3-BF4B-00C04F79EFBC}") = "ChartHub.Server", "ChartHub.Server\ChartHub.Server.csproj", "{0DF980B7-BC00-40E7-AF24-9EF83011F2E4}"
EndProject
Project("{FAE04EC0-301F-11D3-BF4B-00C04F79EFBC}") = "ChartHub.Server.Tests", "ChartHub.Server.Tests\ChartHub.Server.Tests.csproj", "{C4D9F9B9-439E-4DFD-BB60-B5FD3128EAAE}"
EndProject
Global
	GlobalSection(SolutionConfigurationPlatforms) = preSolution
		Debug|Any CPU = Debug|Any CPU
		Debug|x64 = Debug|x64
		Debug|x86 = Debug|x86
		Release|Any CPU = Release|Any CPU
		Release|x64 = Release|x64
		Release|x86 = Release|x86
	EndGlobalSection
	GlobalSection(ProjectConfigurationPlatforms) = postSolution
		{CC4AE8D2-0B15-41B4-B28E-CA028FC9CBCA}.Debug|Any CPU.ActiveCfg = Debug|Any CPU
		{CC4AE8D2-0B15-41B4-B28E-CA028FC9CBCA}.Debug|Any CPU.Build.0 = Debug|Any CPU
		{CC4AE8D2-0B15-41B4-B28E-CA028FC9CBCA}.Debug|Any CPU.Deploy.0 = Debug|Any CPU
		{CC4AE8D2-0B15-41B4-B28E-CA028FC9CBCA}.Debug|x64.ActiveCfg = Debug|Any CPU
		{CC4AE8D2-0B15-41B4-B28E-CA028FC9CBCA}.Debug|x64.Build.0 = Debug|Any CPU
		{CC4AE8D2-0B15-41B4-B28E-CA028FC9CBCA}.Debug|x86.ActiveCfg = Debug|Any CPU
		{CC4AE8D2-0B15-41B4-B28E-CA028FC9CBCA}.Debug|x86.Build.0 = Debug|Any CPU
		{CC4AE8D2-0B15-41B4-B28E-CA028FC9CBCA}.Release|Any CPU.ActiveCfg = Release|Any CPU
		{CC4AE8D2-0B15-41B4-B28E-CA028FC9CBCA}.Release|Any CPU.Build.0 = Release|Any CPU
		{CC4AE8D2-0B15-41B4-B28E-CA028FC9CBCA}.Release|Any CPU.Deploy.0 = Release|Any CPU
		{CC4AE8D2-0B15-41B4-B28E-CA028FC9CBCA}.Release|x64.ActiveCfg = Release|Any CPU
		{CC4AE8D2-0B15-41B4-B28E-CA028FC9CBCA}.Release|x64.Build.0 = Release|Any CPU
		{CC4AE8D2-0B15-41B4-B28E-CA028FC9CBCA}.Release|x86.ActiveCfg = Release|Any CPU
		{CC4AE8D2-0B15-41B4-B28E-CA028FC9CBCA}.Release|x86.Build.0 = Release|Any CPU
		{98B981C9-7F08-41AE-80A9-0D1E06554CB5}.Debug|Any CPU.ActiveCfg = Debug|Any CPU
		{98B981C9-7F08-41AE-80A9-0D1E06554CB5}.Debug|Any CPU.Build.0 = Debug|Any CPU
		{98B981C9-7F08-41AE-80A9-0D1E06554CB5}.Debug|x64.ActiveCfg = Debug|Any CPU
		{98B981C9-7F08-41AE-80A9-0D1E06554CB5}.Debug|x64.Build.0 = Debug|Any CPU
		{98B981C9-7F08-41AE-80A9-0D1E06554CB5}.Debug|x86.ActiveCfg = Debug|Any CPU
		{98B981C9-7F08-41AE-80A9-0D1E06554CB5}.Debug|x86.Build.0 = Debug|Any CPU
		{98B981C9-7F08-41AE-80A9-0D1E06554CB5}.Release|Any CPU.ActiveCfg = Release|Any CPU
		{98B981C9-7F08-41AE-80A9-0D1E06554CB5}.Release|Any CPU.Build.0 = Release|Any CPU
		{98B981C9-7F08-41AE-80A9-0D1E06554CB5}.Release|x64.ActiveCfg = Release|Any CPU
		{98B981C9-7F08-41AE-80A9-0D1E06554CB5}.Release|x64.Build.0 = Release|Any CPU
		{98B981C9-7F08-41AE-80A9-0D1E06554CB5}.Release|x86.ActiveCfg = Release|Any CPU
		{98B981C9-7F08-41AE-80A9-0D1E06554CB5}.Release|x86.Build.0 = Release|Any CPU
		{9567CFF7-63FF-47DC-A84A-B00AE5D32AAB}.Debug|Any CPU.ActiveCfg = Debug|Any CPU
		{9567CFF7-63FF-47DC-A84A-B00AE5D32AAB}.Debug|Any CPU.Build.0 = Debug|Any CPU
		{9567CFF7-63FF-47DC-A84A-B00AE5D32AAB}.Debug|x64.ActiveCfg = Debug|Any CPU
		{9567CFF7-63FF-47DC-A84A-B00AE5D32AAB}.Debug|x64.Build.0 = Debug|Any CPU
		{9567CFF7-63FF-47DC-A84A-B00AE5D32AAB}.Debug|x86.ActiveCfg = Debug|Any CPU
		{9567CFF7-63FF-47DC-A84A-B00AE5D32AAB}.Debug|x86.Build.0 = Debug|Any CPU
		{9567CFF7-63FF-47DC-A84A-B00AE5D32AAB}.Release|Any CPU.ActiveCfg = Release|Any CPU
		{9567CFF7-63FF-47DC-A84A-B00AE5D32AAB}.Release|Any CPU.Build.0 = Release|Any CPU
		{9567CFF7-63FF-47DC-A84A-B00AE5D32AAB}.Release|x64.ActiveCfg = Release|Any CPU
		{9567CFF7-63FF-47DC-A84A-B00AE5D32AAB}.Release|x64.Build.0 = Release|Any CPU
		{9567CFF7-63FF-47DC-A84A-B00AE5D32AAB}.Release|x86.ActiveCfg = Release|Any CPU
		{9567CFF7-63FF-47DC-A84A-B00AE5D32AAB}.Release|x86.Build.0 = Release|Any CPU
		{CFE09032-B799-40AE-BE50-7E0AEA408968}.Debug|Any CPU.ActiveCfg = Debug|Any CPU
		{CFE09032-B799-40AE-BE50-7E0AEA408968}.Debug|Any CPU.Build.0 = Debug|Any CPU
		{CFE09032-B799-40AE-BE50-7E0AEA408968}.Debug|x64.ActiveCfg = Debug|Any CPU
		{CFE09032-B799-40AE-BE50-7E0AEA408968}.Debug|x64.Build.0 = Debug|Any CPU
		{CFE09032-B799-40AE-BE50-7E0AEA408968}.Debug|x86.ActiveCfg = Debug|Any CPU
		{CFE09032-B799-40AE-BE50-7E0AEA408968}.Debug|x86.Build.0 = Debug|Any CPU
		{CFE09032-B799-40AE-BE50-7E0AEA408968}.Release|Any CPU.ActiveCfg = Release|Any CPU
		{CFE09032-B799-40AE-BE50-7E0AEA408968}.Release|Any CPU.Build.0 = Release|Any CPU
		{CFE09032-B799-40AE-BE50-7E0AEA408968}.Release|x64.ActiveCfg = Release|Any CPU
		{CFE09032-B799-40AE-BE50-7E0AEA408968}.Release|x64.Build.0 = Release|Any CPU
		{CFE09032-B799-40AE-BE50-7E0AEA408968}.Release|x86.ActiveCfg = Release|Any CPU
		{CFE09032-B799-40AE-BE50-7E0AEA408968}.Release|x86.Build.0 = Release|Any CPU
		{0DF980B7-BC00-40E7-AF24-9EF83011F2E4}.Debug|Any CPU.ActiveCfg = Debug|Any CPU
		{0DF980B7-BC00-40E7-AF24-9EF83011F2E4}.Debug|Any CPU.Build.0 = Debug|Any CPU
		{0DF980B7-BC00-40E7-AF24-9EF83011F2E4}.Debug|x64.ActiveCfg = Debug|Any CPU
		{0DF980B7-BC00-40E7-AF24-9EF83011F2E4}.Debug|x64.Build.0 = Debug|Any CPU
		{0DF980B7-BC00-40E7-AF24-9EF83011F2E4}.Debug|x86.ActiveCfg = Debug|Any CPU
		{0DF980B7-BC00-40E7-AF24-9EF83011F2E4}.Debug|x86.Build.0 = Debug|Any CPU
		{0DF980B7-BC00-40E7-AF24-9EF83011F2E4}.Release|Any CPU.ActiveCfg = Release|Any CPU
		{0DF980B7-BC00-40E7-AF24-9EF83011F2E4}.Release|Any CPU.Build.0 = Release|Any CPU
		{0DF980B7-BC00-40E7-AF24-9EF83011F2E4}.Release|x64.ActiveCfg = Release|Any CPU
		{0DF980B7-BC00-40E7-AF24-9EF83011F2E4}.Release|x64.Build.0 = Release|Any CPU
		{0DF980B7-BC00-40E7-AF24-9EF83011F2E4}.Release|x86.ActiveCfg = Release|Any CPU
		{0DF980B7-BC00-40E7-AF24-9EF83011F2E4}.Release|x86.Build.0 = Release|Any CPU
		{C4D9F9B9-439E-4DFD-BB60-B5FD3128EAAE}.Debug|Any CPU.ActiveCfg = Debug|Any CPU
		{C4D9F9B9-439E-4DFD-BB60-B5FD3128EAAE}.Debug|Any CPU.Build.0 = Debug|Any CPU
		{C4D9F9B9-439E-4DFD-BB60-B5FD3128EAAE}.Debug|x64.ActiveCfg = Debug|Any CPU
		{C4D9F9B9-439E-4DFD-BB60-B5FD3128EAAE}.Debug|x64.Build.0 = Debug|Any CPU
		{C4D9F9B9-439E-4DFD-BB60-B5FD3128EAAE}.Debug|x86.ActiveCfg = Debug|Any CPU
		{C4D9F9B9-439E-4DFD-BB60-B5FD3128EAAE}.Debug|x86.Build.0 = Debug|Any CPU
		{C4D9F9B9-439E-4DFD-BB60-B5FD3128EAAE}.Release|Any CPU.ActiveCfg = Release|Any CPU
		{C4D9F9B9-439E-4DFD-BB60-B5FD3128EAAE}.Release|Any CPU.Build.0 = Release|Any CPU
		{C4D9F9B9-439E-4DFD-BB60-B5FD3128EAAE}.Release|x64.ActiveCfg = Release|Any CPU
		{C4D9F9B9-439E-4DFD-BB60-B5FD3128EAAE}.Release|x64.Build.0 = Release|Any CPU
		{C4D9F9B9-439E-4DFD-BB60-B5FD3128EAAE}.Release|x86.ActiveCfg = Release|Any CPU
		{C4D9F9B9-439E-4DFD-BB60-B5FD3128EAAE}.Release|x86.Build.0 = Release|Any CPU
	EndGlobalSection
	GlobalSection(SolutionProperties) = preSolution
		HideSolutionNode = FALSE
	EndGlobalSection
	GlobalSection(ExtensibilityGlobals) = postSolution
		SolutionGuid = {22E64D96-AE46-412E-B742-656C3D6DBAFD}
	EndGlobalSection
EndGlobal
