
Microsoft Visual Studio Solution File, Format Version 12.00
# Visual Studio Version 17
VisualStudioVersion = 17.9.34622.214
MinimumVisualStudioVersion = 10.0.40219.1
Project("{9A19103F-16F7-4668-BE54-9A1E7A4F7556}") = "RhythmVerseClient", "RhythmVerseClient\RhythmVerseClient.csproj", "{CC4AE8D2-0B15-41B4-B28E-CA028FC9CBCA}"
EndProject
Project("{9A19103F-16F7-4668-BE54-9A1E7A4F7556}") = "SettingsManager", "..\SettingsManager\SettingsManager\SettingsManager.csproj", "{F06A9452-1D56-44F7-9542-3C10CBC7C155}"
EndProject
Global
	GlobalSection(SolutionConfigurationPlatforms) = preSolution
		Debug|Any CPU = Debug|Any CPU
		Release|Any CPU = Release|Any CPU
	EndGlobalSection
	GlobalSection(ProjectConfigurationPlatforms) = postSolution
		{CC4AE8D2-0B15-41B4-B28E-CA028FC9CBCA}.Debug|Any CPU.ActiveCfg = Debug|Any CPU
		{CC4AE8D2-0B15-41B4-B28E-CA028FC9CBCA}.Debug|Any CPU.Build.0 = Debug|Any CPU
		{CC4AE8D2-0B15-41B4-B28E-CA028FC9CBCA}.Debug|Any CPU.Deploy.0 = Debug|Any CPU
		{CC4AE8D2-0B15-41B4-B28E-CA028FC9CBCA}.Release|Any CPU.ActiveCfg = Release|Any CPU
		{CC4AE8D2-0B15-41B4-B28E-CA028FC9CBCA}.Release|Any CPU.Build.0 = Release|Any CPU
		{CC4AE8D2-0B15-41B4-B28E-CA028FC9CBCA}.Release|Any CPU.Deploy.0 = Release|Any CPU
		{F06A9452-1D56-44F7-9542-3C10CBC7C155}.Debug|Any CPU.ActiveCfg = Debug|Any CPU
		{F06A9452-1D56-44F7-9542-3C10CBC7C155}.Debug|Any CPU.Build.0 = Debug|Any CPU
		{F06A9452-1D56-44F7-9542-3C10CBC7C155}.Release|Any CPU.ActiveCfg = Release|Any CPU
		{F06A9452-1D56-44F7-9542-3C10CBC7C155}.Release|Any CPU.Build.0 = Release|Any CPU
	EndGlobalSection
	GlobalSection(SolutionProperties) = preSolution
		HideSolutionNode = FALSE
	EndGlobalSection
	GlobalSection(ExtensibilityGlobals) = postSolution
		SolutionGuid = {22E64D96-AE46-412E-B742-656C3D6DBAFD}
	EndGlobalSection
EndGlobal
